
Microsoft Visual Studio Solution File, Format Version 12.00
# Visual Studio Version 17
VisualStudioVersion = 17.7.34031.279
MinimumVisualStudioVersion = 10.0.40219.1
Project("{9A19103F-16F7-4668-BE54-9A1E7A4F7556}") = "MyProject.Tests", "MyProject.Tests.csproj", "{FEA0BADD-3987-47AF-87F4-19B5DDCF0CEB}"
EndProject
Global
	GlobalSection(SolutionConfigurationPlatforms) = preSolution
		Debug|Any CPU = Debug|Any CPU
		Release|Any CPU = Release|Any CPU
	EndGlobalSection
	GlobalSection(ProjectConfigurationPlatforms) = postSolution
		{FEA0BADD-3987-47AF-87F4-19B5DDCF0CEB}.Debug|Any CPU.ActiveCfg = Debug|Any CPU
		{FEA0BADD-3987-47AF-87F4-19B5DDCF0CEB}.Debug|Any CPU.Build.0 = Debug|Any CPU
		{FEA0BADD-3987-47AF-87F4-19B5DDCF0CEB}.Release|Any CPU.ActiveCfg = Release|Any CPU
		{FEA0BADD-3987-47AF-87F4-19B5DDCF0CEB}.Release|Any CPU.Build.0 = Release|Any CPU
	EndGlobalSection
	GlobalSection(SolutionProperties) = preSolution
		HideSolutionNode = FALSE
	EndGlobalSection
	GlobalSection(ExtensibilityGlobals) = postSolution
		SolutionGuid = {C0DF94C2-B1DB-47C0-99EA-FB9BCB5A001B}
	EndGlobalSection
EndGlobal
